
Microsoft Visual Studio Solution File, Format Version 12.00
# Visual Studio Version 17
VisualStudioVersion = 17.9.34616.47
MinimumVisualStudioVersion = 10.0.40219.1
Project("{FAE04EC0-301F-11D3-BF4B-00C04F79EFBC}") = "PixivScraper", "PixivScraper\PixivScraper.csproj", "{DAAEEA5B-F54B-4449-95EB-D3F1EE7C551C}"
EndProject
Global
	GlobalSection(SolutionConfigurationPlatforms) = preSolution
		Debug|Any CPU = Debug|Any CPU
		Release|Any CPU = Release|Any CPU
	EndGlobalSection
	GlobalSection(ProjectConfigurationPlatforms) = postSolution
		{DAAEEA5B-F54B-4449-95EB-D3F1EE7C551C}.Debug|Any CPU.ActiveCfg = Debug|Any CPU
		{DAAEEA5B-F54B-4449-95EB-D3F1EE7C551C}.Debug|Any CPU.Build.0 = Debug|Any CPU
		{DAAEEA5B-F54B-4449-95EB-D3F1EE7C551C}.Release|Any CPU.ActiveCfg = Release|Any CPU
		{DAAEEA5B-F54B-4449-95EB-D3F1EE7C551C}.Release|Any CPU.Build.0 = Release|Any CPU
	EndGlobalSection
	GlobalSection(SolutionProperties) = preSolution
		HideSolutionNode = FALSE
	EndGlobalSection
	GlobalSection(ExtensibilityGlobals) = postSolution
		SolutionGuid = {D86119F3-4386-44F9-86F4-03A5F592EAAD}
	EndGlobalSection
EndGlobal
